
Microsoft Visual Studio Solution File, Format Version 12.00
# Visual Studio Version 17
VisualStudioVersion = 17.5.33424.131
MinimumVisualStudioVersion = 10.0.40219.1
Project("{FAE04EC0-301F-11D3-BF4B-00C04F79EFBC}") = "Day10Lab1", "Day10Lab1.csproj", "{6EE282BA-0C00-40EB-BC39-8F19D516A958}"
EndProject
Project("{FAE04EC0-301F-11D3-BF4B-00C04F79EFBC}") = "Day10Lab1b", "..\Day10Lab1b\Day10Lab1b.csproj", "{17A7EF29-600F-46EE-99CD-F97A48049B03}"
EndProject
Global
	GlobalSection(SolutionConfigurationPlatforms) = preSolution
		Debug|Any CPU = Debug|Any CPU
		Release|Any CPU = Release|Any CPU
	EndGlobalSection
	GlobalSection(ProjectConfigurationPlatforms) = postSolution
		{6EE282BA-0C00-40EB-BC39-8F19D516A958}.Debug|Any CPU.ActiveCfg = Debug|Any CPU
		{6EE282BA-0C00-40EB-BC39-8F19D516A958}.Debug|Any CPU.Build.0 = Debug|Any CPU
		{6EE282BA-0C00-40EB-BC39-8F19D516A958}.Release|Any CPU.ActiveCfg = Release|Any CPU
		{6EE282BA-0C00-40EB-BC39-8F19D516A958}.Release|Any CPU.Build.0 = Release|Any CPU
		{17A7EF29-600F-46EE-99CD-F97A48049B03}.Debug|Any CPU.ActiveCfg = Debug|Any CPU
		{17A7EF29-600F-46EE-99CD-F97A48049B03}.Debug|Any CPU.Build.0 = Debug|Any CPU
		{17A7EF29-600F-46EE-99CD-F97A48049B03}.Release|Any CPU.ActiveCfg = Release|Any CPU
		{17A7EF29-600F-46EE-99CD-F97A48049B03}.Release|Any CPU.Build.0 = Release|Any CPU
	EndGlobalSection
	GlobalSection(SolutionProperties) = preSolution
		HideSolutionNode = FALSE
	EndGlobalSection
	GlobalSection(ExtensibilityGlobals) = postSolution
		SolutionGuid = {DB8F7F38-80F5-457E-A1CC-32E9E543B76D}
	EndGlobalSection
EndGlobal
