
Microsoft Visual Studio Solution File, Format Version 12.00
# Visual Studio Version 17
VisualStudioVersion = 17.5.33424.131
MinimumVisualStudioVersion = 10.0.40219.1
Project("{FAE04EC0-301F-11D3-BF4B-00C04F79EFBC}") = "Day9Lab2", "Day9Lab2.csproj", "{D53E57D0-1FA5-452D-A013-1FBC3A49FD39}"
EndProject
Global
	GlobalSection(SolutionConfigurationPlatforms) = preSolution
		Debug|Any CPU = Debug|Any CPU
		Release|Any CPU = Release|Any CPU
	EndGlobalSection
	GlobalSection(ProjectConfigurationPlatforms) = postSolution
		{D53E57D0-1FA5-452D-A013-1FBC3A49FD39}.Debug|Any CPU.ActiveCfg = Debug|Any CPU
		{D53E57D0-1FA5-452D-A013-1FBC3A49FD39}.Debug|Any CPU.Build.0 = Debug|Any CPU
		{D53E57D0-1FA5-452D-A013-1FBC3A49FD39}.Release|Any CPU.ActiveCfg = Release|Any CPU
		{D53E57D0-1FA5-452D-A013-1FBC3A49FD39}.Release|Any CPU.Build.0 = Release|Any CPU
	EndGlobalSection
	GlobalSection(SolutionProperties) = preSolution
		HideSolutionNode = FALSE
	EndGlobalSection
	GlobalSection(ExtensibilityGlobals) = postSolution
		SolutionGuid = {BAECA825-04DC-496B-90DD-16BBA147C491}
	EndGlobalSection
EndGlobal
