
Microsoft Visual Studio Solution File, Format Version 12.00
# Visual Studio Version 17
VisualStudioVersion = 17.5.33414.496
MinimumVisualStudioVersion = 10.0.40219.1
Project("{FAE04EC0-301F-11D3-BF4B-00C04F79EFBC}") = "Day6Lab1", "Day6Lab1.csproj", "{D5FCBDA7-F2D1-486F-A79A-DA5B09B0B93B}"
EndProject
Global
	GlobalSection(SolutionConfigurationPlatforms) = preSolution
		Debug|Any CPU = Debug|Any CPU
		Release|Any CPU = Release|Any CPU
	EndGlobalSection
	GlobalSection(ProjectConfigurationPlatforms) = postSolution
		{D5FCBDA7-F2D1-486F-A79A-DA5B09B0B93B}.Debug|Any CPU.ActiveCfg = Debug|Any CPU
		{D5FCBDA7-F2D1-486F-A79A-DA5B09B0B93B}.Debug|Any CPU.Build.0 = Debug|Any CPU
		{D5FCBDA7-F2D1-486F-A79A-DA5B09B0B93B}.Release|Any CPU.ActiveCfg = Release|Any CPU
		{D5FCBDA7-F2D1-486F-A79A-DA5B09B0B93B}.Release|Any CPU.Build.0 = Release|Any CPU
	EndGlobalSection
	GlobalSection(SolutionProperties) = preSolution
		HideSolutionNode = FALSE
	EndGlobalSection
	GlobalSection(ExtensibilityGlobals) = postSolution
		SolutionGuid = {01FB69DD-6EB6-4930-B567-9DD75D62B84E}
	EndGlobalSection
EndGlobal
