
Microsoft Visual Studio Solution File, Format Version 12.00
# Visual Studio Version 17
VisualStudioVersion = 17.5.33502.453
MinimumVisualStudioVersion = 10.0.40219.1
Project("{FAE04EC0-301F-11D3-BF4B-00C04F79EFBC}") = "Day13Lab2", "Day13Lab2.csproj", "{987B9266-BE1E-4A01-A0E3-48466DD22670}"
EndProject
Global
	GlobalSection(SolutionConfigurationPlatforms) = preSolution
		Debug|Any CPU = Debug|Any CPU
		Release|Any CPU = Release|Any CPU
	EndGlobalSection
	GlobalSection(ProjectConfigurationPlatforms) = postSolution
		{987B9266-BE1E-4A01-A0E3-48466DD22670}.Debug|Any CPU.ActiveCfg = Debug|Any CPU
		{987B9266-BE1E-4A01-A0E3-48466DD22670}.Debug|Any CPU.Build.0 = Debug|Any CPU
		{987B9266-BE1E-4A01-A0E3-48466DD22670}.Release|Any CPU.ActiveCfg = Release|Any CPU
		{987B9266-BE1E-4A01-A0E3-48466DD22670}.Release|Any CPU.Build.0 = Release|Any CPU
	EndGlobalSection
	GlobalSection(SolutionProperties) = preSolution
		HideSolutionNode = FALSE
	EndGlobalSection
	GlobalSection(ExtensibilityGlobals) = postSolution
		SolutionGuid = {1C951991-8655-40BB-BD77-1702B6F3C1AD}
	EndGlobalSection
EndGlobal
